
Microsoft Visual Studio Solution File, Format Version 12.00
# Visual Studio Version 17
VisualStudioVersion = 17.8.34330.188
MinimumVisualStudioVersion = 10.0.40219.1
Project("{FAE04EC0-301F-11D3-BF4B-00C04F79EFBC}") = "NewHomeWork", "NewHomeWork.csproj", "{D7FDA275-CAEB-46CF-8FBC-76A7D74E437B}"
EndProject
Global
	GlobalSection(SolutionConfigurationPlatforms) = preSolution
		Debug|Any CPU = Debug|Any CPU
		Release|Any CPU = Release|Any CPU
	EndGlobalSection
	GlobalSection(ProjectConfigurationPlatforms) = postSolution
		{D7FDA275-CAEB-46CF-8FBC-76A7D74E437B}.Debug|Any CPU.ActiveCfg = Debug|Any CPU
		{D7FDA275-CAEB-46CF-8FBC-76A7D74E437B}.Debug|Any CPU.Build.0 = Debug|Any CPU
		{D7FDA275-CAEB-46CF-8FBC-76A7D74E437B}.Release|Any CPU.ActiveCfg = Release|Any CPU
		{D7FDA275-CAEB-46CF-8FBC-76A7D74E437B}.Release|Any CPU.Build.0 = Release|Any CPU
	EndGlobalSection
	GlobalSection(SolutionProperties) = preSolution
		HideSolutionNode = FALSE
	EndGlobalSection
	GlobalSection(ExtensibilityGlobals) = postSolution
		SolutionGuid = {0222DD3B-C651-4770-99E8-AECA52B19E44}
	EndGlobalSection
EndGlobal
